
Microsoft Visual Studio Solution File, Format Version 12.00
# Visual Studio Version 16
VisualStudioVersion = 16.0.30011.22
MinimumVisualStudioVersion = 10.0.40219.1
Project("{FAE04EC0-301F-11D3-BF4B-00C04F79EFBC}") = "Inventory Sorter", "Inventory Sorter.csproj", "{2AD8A947-B3A6-40F3-8487-B78CB4941336}"
EndProject
Global
	GlobalSection(SolutionConfigurationPlatforms) = preSolution
		Debug|Any CPU = Debug|Any CPU
		Release|Any CPU = Release|Any CPU
	EndGlobalSection
	GlobalSection(ProjectConfigurationPlatforms) = postSolution
		{2AD8A947-B3A6-40F3-8487-B78CB4941336}.Debug|Any CPU.ActiveCfg = Debug|Any CPU
		{2AD8A947-B3A6-40F3-8487-B78CB4941336}.Debug|Any CPU.Build.0 = Debug|Any CPU
		{2AD8A947-B3A6-40F3-8487-B78CB4941336}.Release|Any CPU.ActiveCfg = Release|Any CPU
		{2AD8A947-B3A6-40F3-8487-B78CB4941336}.Release|Any CPU.Build.0 = Release|Any CPU
	EndGlobalSection
	GlobalSection(SolutionProperties) = preSolution
		HideSolutionNode = FALSE
	EndGlobalSection
	GlobalSection(ExtensibilityGlobals) = postSolution
		SolutionGuid = {7D015D1D-3C97-42F4-8825-718A244CB184}
	EndGlobalSection
EndGlobal
